// !$*UTF8*$!
{
	archiveVersion = 1;
	classes = {
	};
	objectVersion = 56;
	objects = {

/* Begin PBXBuildFile section */
		02182B172BFE8535005FBB8B /* ScoreView.swift in Sources */ = {isa = PBXBuildFile; fileRef = 02182B162BFE8535005FBB8B /* ScoreView.swift */; };
		02182B192BFF8A74005FBB8B /* RestartButtonView.swift in Sources */ = {isa = PBXBuildFile; fileRef = 02182B182BFF8A74005FBB8B /* RestartButtonView.swift */; };
		02C17C7D2BBD89BA00F9FE49 /* TicTacToeApp.swift in Sources */ = {isa = PBXBuildFile; fileRef = 02C17C7C2BBD89BA00F9FE49 /* TicTacToeApp.swift */; };
		02C17C7F2BBD89BA00F9FE49 /* ContentView.swift in Sources */ = {isa = PBXBuildFile; fileRef = 02C17C7E2BBD89BA00F9FE49 /* ContentView.swift */; };
		02C17C812BBD89BB00F9FE49 /* Assets.xcassets in Resources */ = {isa = PBXBuildFile; fileRef = 02C17C802BBD89BB00F9FE49 /* Assets.xcassets */; };
		02C17C842BBD89BB00F9FE49 /* Preview Assets.xcassets in Resources */ = {isa = PBXBuildFile; fileRef = 02C17C832BBD89BB00F9FE49 /* Preview Assets.xcassets */; };
		02C17C8E2BBD89BB00F9FE49 /* TicTacToeTests.swift in Sources */ = {isa = PBXBuildFile; fileRef = 02C17C8D2BBD89BB00F9FE49 /* TicTacToeTests.swift */; };
		02C17C982BBD89BB00F9FE49 /* TicTacToeUITests.swift in Sources */ = {isa = PBXBuildFile; fileRef = 02C17C972BBD89BB00F9FE49 /* TicTacToeUITests.swift */; };
		02C17C9A2BBD89BB00F9FE49 /* TicTacToeUITestsLaunchTests.swift in Sources */ = {isa = PBXBuildFile; fileRef = 02C17C992BBD89BB00F9FE49 /* TicTacToeUITestsLaunchTests.swift */; };
		02C17CA82BBD8A2100F9FE49 /* CellGroupView.swift in Sources */ = {isa = PBXBuildFile; fileRef = 02C17CA72BBD8A2100F9FE49 /* CellGroupView.swift */; };
		02C17CAB2BBD8A3500F9FE49 /* CellView.swift in Sources */ = {isa = PBXBuildFile; fileRef = 02C17CAA2BBD8A3500F9FE49 /* CellView.swift */; };
/* End PBXBuildFile section */

/* Begin PBXContainerItemProxy section */
		02C17C8A2BBD89BB00F9FE49 /* PBXContainerItemProxy */ = {
			isa = PBXContainerItemProxy;
			containerPortal = 02C17C712BBD89BA00F9FE49 /* Project object */;
			proxyType = 1;
			remoteGlobalIDString = 02C17C782BBD89BA00F9FE49;
			remoteInfo = TicTacToe;
		};
		02C17C942BBD89BB00F9FE49 /* PBXContainerItemProxy */ = {
			isa = PBXContainerItemProxy;
			containerPortal = 02C17C712BBD89BA00F9FE49 /* Project object */;
			proxyType = 1;
			remoteGlobalIDString = 02C17C782BBD89BA00F9FE49;
			remoteInfo = TicTacToe;
		};
/* End PBXContainerItemProxy section */

/* Begin PBXFileReference section */
		02182B162BFE8535005FBB8B /* ScoreView.swift */ = {isa = PBXFileReference; lastKnownFileType = sourcecode.swift; path = ScoreView.swift; sourceTree = "<group>"; };
		02182B182BFF8A74005FBB8B /* RestartButtonView.swift */ = {isa = PBXFileReference; lastKnownFileType = sourcecode.swift; path = RestartButtonView.swift; sourceTree = "<group>"; };
		02C17C792BBD89BA00F9FE49 /* TicTacToe.app */ = {isa = PBXFileReference; explicitFileType = wrapper.application; includeInIndex = 0; path = TicTacToe.app; sourceTree = BUILT_PRODUCTS_DIR; };
		02C17C7C2BBD89BA00F9FE49 /* TicTacToeApp.swift */ = {isa = PBXFileReference; lastKnownFileType = sourcecode.swift; path = TicTacToeApp.swift; sourceTree = "<group>"; };
		02C17C7E2BBD89BA00F9FE49 /* ContentView.swift */ = {isa = PBXFileReference; lastKnownFileType = sourcecode.swift; path = ContentView.swift; sourceTree = "<group>"; };
		02C17C802BBD89BB00F9FE49 /* Assets.xcassets */ = {isa = PBXFileReference; lastKnownFileType = folder.assetcatalog; path = Assets.xcassets; sourceTree = "<group>"; };
		02C17C832BBD89BB00F9FE49 /* Preview Assets.xcassets */ = {isa = PBXFileReference; lastKnownFileType = folder.assetcatalog; path = "Preview Assets.xcassets"; sourceTree = "<group>"; };
		02C17C892BBD89BB00F9FE49 /* TicTacToeTests.xctest */ = {isa = PBXFileReference; explicitFileType = wrapper.cfbundle; includeInIndex = 0; path = TicTacToeTests.xctest; sourceTree = BUILT_PRODUCTS_DIR; };
		02C17C8D2BBD89BB00F9FE49 /* TicTacToeTests.swift */ = {isa = PBXFileReference; lastKnownFileType = sourcecode.swift; path = TicTacToeTests.swift; sourceTree = "<group>"; };
		02C17C932BBD89BB00F9FE49 /* TicTacToeUITests.xctest */ = {isa = PBXFileReference; explicitFileType = wrapper.cfbundle; includeInIndex = 0; path = TicTacToeUITests.xctest; sourceTree = BUILT_PRODUCTS_DIR; };
		02C17C972BBD89BB00F9FE49 /* TicTacToeUITests.swift */ = {isa = PBXFileReference; lastKnownFileType = sourcecode.swift; path = TicTacToeUITests.swift; sourceTree = "<group>"; };
		02C17C992BBD89BB00F9FE49 /* TicTacToeUITestsLaunchTests.swift */ = {isa = PBXFileReference; lastKnownFileType = sourcecode.swift; path = TicTacToeUITestsLaunchTests.swift; sourceTree = "<group>"; };
		02C17CA72BBD8A2100F9FE49 /* CellGroupView.swift */ = {isa = PBXFileReference; lastKnownFileType = sourcecode.swift; path = CellGroupView.swift; sourceTree = "<group>"; };
		02C17CAA2BBD8A3500F9FE49 /* CellView.swift */ = {isa = PBXFileReference; lastKnownFileType = sourcecode.swift; path = CellView.swift; sourceTree = "<group>"; };
/* End PBXFileReference section */

/* Begin PBXFrameworksBuildPhase section */
		02C17C762BBD89BA00F9FE49 /* Frameworks */ = {
			isa = PBXFrameworksBuildPhase;
			buildActionMask = 2147483647;
			files = (
			);
			runOnlyForDeploymentPostprocessing = 0;
		};
		02C17C862BBD89BB00F9FE49 /* Frameworks */ = {
			isa = PBXFrameworksBuildPhase;
			buildActionMask = 2147483647;
			files = (
			);
			runOnlyForDeploymentPostprocessing = 0;
		};
		02C17C902BBD89BB00F9FE49 /* Frameworks */ = {
			isa = PBXFrameworksBuildPhase;
			buildActionMask = 2147483647;
			files = (
			);
			runOnlyForDeploymentPostprocessing = 0;
		};
/* End PBXFrameworksBuildPhase section */

/* Begin PBXGroup section */
		02182B152BFE8529005FBB8B /* SubViews */ = {
			isa = PBXGroup;
			children = (
				02182B162BFE8535005FBB8B /* ScoreView.swift */,
				02182B182BFF8A74005FBB8B /* RestartButtonView.swift */,
			);
			path = SubViews;
			sourceTree = "<group>";
		};
		02C17C702BBD89BA00F9FE49 = {
			isa = PBXGroup;
			children = (
				02C17C7B2BBD89BA00F9FE49 /* TicTacToe */,
				02C17C8C2BBD89BB00F9FE49 /* TicTacToeTests */,
				02C17C962BBD89BB00F9FE49 /* TicTacToeUITests */,
				02C17C7A2BBD89BA00F9FE49 /* Products */,
			);
			sourceTree = "<group>";
		};
		02C17C7A2BBD89BA00F9FE49 /* Products */ = {
			isa = PBXGroup;
			children = (
				02C17C792BBD89BA00F9FE49 /* TicTacToe.app */,
				02C17C892BBD89BB00F9FE49 /* TicTacToeTests.xctest */,
				02C17C932BBD89BB00F9FE49 /* TicTacToeUITests.xctest */,
			);
			name = Products;
			sourceTree = "<group>";
		};
		02C17C7B2BBD89BA00F9FE49 /* TicTacToe */ = {
			isa = PBXGroup;
			children = (
				02C17C7C2BBD89BA00F9FE49 /* TicTacToeApp.swift */,
				02C17C7E2BBD89BA00F9FE49 /* ContentView.swift */,
				02182B152BFE8529005FBB8B /* SubViews */,
				02C17CA92BBD8A2A00F9FE49 /* Cell */,
				02C17CA62BBD89F100F9FE49 /* CellGroup */,
				02C17C802BBD89BB00F9FE49 /* Assets.xcassets */,
				02C17C822BBD89BB00F9FE49 /* Preview Content */,
			);
			path = TicTacToe;
			sourceTree = "<group>";
		};
		02C17C822BBD89BB00F9FE49 /* Preview Content */ = {
			isa = PBXGroup;
			children = (
				02C17C832BBD89BB00F9FE49 /* Preview Assets.xcassets */,
			);
			path = "Preview Content";
			sourceTree = "<group>";
		};
		02C17C8C2BBD89BB00F9FE49 /* TicTacToeTests */ = {
			isa = PBXGroup;
			children = (
				02C17C8D2BBD89BB00F9FE49 /* TicTacToeTests.swift */,
			);
			path = TicTacToeTests;
			sourceTree = "<group>";
		};
		02C17C962BBD89BB00F9FE49 /* TicTacToeUITests */ = {
			isa = PBXGroup;
			children = (
				02C17C972BBD89BB00F9FE49 /* TicTacToeUITests.swift */,
				02C17C992BBD89BB00F9FE49 /* TicTacToeUITestsLaunchTests.swift */,
			);
			path = TicTacToeUITests;
			sourceTree = "<group>";
		};
		02C17CA62BBD89F100F9FE49 /* CellGroup */ = {
			isa = PBXGroup;
			children = (
				02C17CA72BBD8A2100F9FE49 /* CellGroupView.swift */,
			);
			path = CellGroup;
			sourceTree = "<group>";
		};
		02C17CA92BBD8A2A00F9FE49 /* Cell */ = {
			isa = PBXGroup;
			children = (
				02C17CAA2BBD8A3500F9FE49 /* CellView.swift */,
			);
			path = Cell;
			sourceTree = "<group>";
		};
/* End PBXGroup section */

/* Begin PBXNativeTarget section */
		02C17C782BBD89BA00F9FE49 /* TicTacToe */ = {
			isa = PBXNativeTarget;
			buildConfigurationList = 02C17C9D2BBD89BB00F9FE49 /* Build configuration list for PBXNativeTarget "TicTacToe" */;
			buildPhases = (
				02C17C752BBD89BA00F9FE49 /* Sources */,
				02C17C762BBD89BA00F9FE49 /* Frameworks */,
				02C17C772BBD89BA00F9FE49 /* Resources */,
			);
			buildRules = (
			);
			dependencies = (
			);
			name = TicTacToe;
			productName = TicTacToe;
			productReference = 02C17C792BBD89BA00F9FE49 /* TicTacToe.app */;
			productType = "com.apple.product-type.application";
		};
		02C17C882BBD89BB00F9FE49 /* TicTacToeTests */ = {
			isa = PBXNativeTarget;
			buildConfigurationList = 02C17CA02BBD89BB00F9FE49 /* Build configuration list for PBXNativeTarget "TicTacToeTests" */;
			buildPhases = (
				02C17C852BBD89BB00F9FE49 /* Sources */,
				02C17C862BBD89BB00F9FE49 /* Frameworks */,
				02C17C872BBD89BB00F9FE49 /* Resources */,
			);
			buildRules = (
			);
			dependencies = (
				02C17C8B2BBD89BB00F9FE49 /* PBXTargetDependency */,
			);
			name = TicTacToeTests;
			productName = TicTacToeTests;
			productReference = 02C17C892BBD89BB00F9FE49 /* TicTacToeTests.xctest */;
			productType = "com.apple.product-type.bundle.unit-test";
		};
		02C17C922BBD89BB00F9FE49 /* TicTacToeUITests */ = {
			isa = PBXNativeTarget;
			buildConfigurationList = 02C17CA32BBD89BB00F9FE49 /* Build configuration list for PBXNativeTarget "TicTacToeUITests" */;
			buildPhases = (
				02C17C8F2BBD89BB00F9FE49 /* Sources */,
				02C17C902BBD89BB00F9FE49 /* Frameworks */,
				02C17C912BBD89BB00F9FE49 /* Resources */,
			);
			buildRules = (
			);
			dependencies = (
				02C17C952BBD89BB00F9FE49 /* PBXTargetDependency */,
			);
			name = TicTacToeUITests;
			productName = TicTacToeUITests;
			productReference = 02C17C932BBD89BB00F9FE49 /* TicTacToeUITests.xctest */;
			productType = "com.apple.product-type.bundle.ui-testing";
		};
/* End PBXNativeTarget section */

/* Begin PBXProject section */
		02C17C712BBD89BA00F9FE49 /* Project object */ = {
			isa = PBXProject;
			attributes = {
				BuildIndependentTargetsInParallel = 1;
				LastSwiftUpdateCheck = 1500;
				LastUpgradeCheck = 1500;
				TargetAttributes = {
					02C17C782BBD89BA00F9FE49 = {
						CreatedOnToolsVersion = 15.0;
					};
					02C17C882BBD89BB00F9FE49 = {
						CreatedOnToolsVersion = 15.0;
						TestTargetID = 02C17C782BBD89BA00F9FE49;
					};
					02C17C922BBD89BB00F9FE49 = {
						CreatedOnToolsVersion = 15.0;
						TestTargetID = 02C17C782BBD89BA00F9FE49;
					};
				};
			};
			buildConfigurationList = 02C17C742BBD89BA00F9FE49 /* Build configuration list for PBXProject "TicTacToe" */;
			compatibilityVersion = "Xcode 14.0";
			developmentRegion = en;
			hasScannedForEncodings = 0;
			knownRegions = (
				en,
				Base,
			);
			mainGroup = 02C17C702BBD89BA00F9FE49;
			productRefGroup = 02C17C7A2BBD89BA00F9FE49 /* Products */;
			projectDirPath = "";
			projectRoot = "";
			targets = (
				02C17C782BBD89BA00F9FE49 /* TicTacToe */,
				02C17C882BBD89BB00F9FE49 /* TicTacToeTests */,
				02C17C922BBD89BB00F9FE49 /* TicTacToeUITests */,
			);
		};
/* End PBXProject section */

/* Begin PBXResourcesBuildPhase section */
		02C17C772BBD89BA00F9FE49 /* Resources */ = {
			isa = PBXResourcesBuildPhase;
			buildActionMask = 2147483647;
			files = (
				02C17C842BBD89BB00F9FE49 /* Preview Assets.xcassets in Resources */,
				02C17C812BBD89BB00F9FE49 /* Assets.xcassets in Resources */,
			);
			runOnlyForDeploymentPostprocessing = 0;
		};
		02C17C872BBD89BB00F9FE49 /* Resources */ = {
			isa = PBXResourcesBuildPhase;
			buildActionMask = 2147483647;
			files = (
			);
			runOnlyForDeploymentPostprocessing = 0;
		};
		02C17C912BBD89BB00F9FE49 /* Resources */ = {
			isa = PBXResourcesBuildPhase;
			buildActionMask = 2147483647;
			files = (
			);
			runOnlyForDeploymentPostprocessing = 0;
		};
/* End PBXResourcesBuildPhase section */

/* Begin PBXSourcesBuildPhase section */
		02C17C752BBD89BA00F9FE49 /* Sources */ = {
			isa = PBXSourcesBuildPhase;
			buildActionMask = 2147483647;
			files = (
				02C17CAB2BBD8A3500F9FE49 /* CellView.swift in Sources */,
				02C17C7F2BBD89BA00F9FE49 /* ContentView.swift in Sources */,
				02182B192BFF8A74005FBB8B /* RestartButtonView.swift in Sources */,
				02C17CA82BBD8A2100F9FE49 /* CellGroupView.swift in Sources */,
				02C17C7D2BBD89BA00F9FE49 /* TicTacToeApp.swift in Sources */,
				02182B172BFE8535005FBB8B /* ScoreView.swift in Sources */,
			);
			runOnlyForDeploymentPostprocessing = 0;
		};
		02C17C852BBD89BB00F9FE49 /* Sources */ = {
			isa = PBXSourcesBuildPhase;
			buildActionMask = 2147483647;
			files = (
				02C17C8E2BBD89BB00F9FE49 /* TicTacToeTests.swift in Sources */,
			);
			runOnlyForDeploymentPostprocessing = 0;
		};
		02C17C8F2BBD89BB00F9FE49 /* Sources */ = {
			isa = PBXSourcesBuildPhase;
			buildActionMask = 2147483647;
			files = (
				02C17C982BBD89BB00F9FE49 /* TicTacToeUITests.swift in Sources */,
				02C17C9A2BBD89BB00F9FE49 /* TicTacToeUITestsLaunchTests.swift in Sources */,
			);
			runOnlyForDeploymentPostprocessing = 0;
		};
/* End PBXSourcesBuildPhase section */

/* Begin PBXTargetDependency section */
		02C17C8B2BBD89BB00F9FE49 /* PBXTargetDependency */ = {
			isa = PBXTargetDependency;
			target = 02C17C782BBD89BA00F9FE49 /* TicTacToe */;
			targetProxy = 02C17C8A2BBD89BB00F9FE49 /* PBXContainerItemProxy */;
		};
		02C17C952BBD89BB00F9FE49 /* PBXTargetDependency */ = {
			isa = PBXTargetDependency;
			target = 02C17C782BBD89BA00F9FE49 /* TicTacToe */;
			targetProxy = 02C17C942BBD89BB00F9FE49 /* PBXContainerItemProxy */;
		};
/* End PBXTargetDependency section */

/* Begin XCBuildConfiguration section */
		02C17C9B2BBD89BB00F9FE49 /* Debug */ = {
			isa = XCBuildConfiguration;
			buildSettings = {
				ALWAYS_SEARCH_USER_PATHS = NO;
				ASSETCATALOG_COMPILER_GENERATE_SWIFT_ASSET_SYMBOL_EXTENSIONS = YES;
				CLANG_ANALYZER_NONNULL = YES;
				CLANG_ANALYZER_NUMBER_OBJECT_CONVERSION = YES_AGGRESSIVE;
				CLANG_CXX_LANGUAGE_STANDARD = "gnu++20";
				CLANG_ENABLE_MODULES = YES;
				CLANG_ENABLE_OBJC_ARC = YES;
				CLANG_ENABLE_OBJC_WEAK = YES;
				CLANG_WARN_BLOCK_CAPTURE_AUTORELEASING = YES;
				CLANG_WARN_BOOL_CONVERSION = YES;
				CLANG_WARN_COMMA = YES;
				CLANG_WARN_CONSTANT_CONVERSION = YES;
				CLANG_WARN_DEPRECATED_OBJC_IMPLEMENTATIONS = YES;
				CLANG_WARN_DIRECT_OBJC_ISA_USAGE = YES_ERROR;
				CLANG_WARN_DOCUMENTATION_COMMENTS = YES;
				CLANG_WARN_EMPTY_BODY = YES;
				CLANG_WARN_ENUM_CONVERSION = YES;
				CLANG_WARN_INFINITE_RECURSION = YES;
				CLANG_WARN_INT_CONVERSION = YES;
				CLANG_WARN_NON_LITERAL_NULL_CONVERSION = YES;
				CLANG_WARN_OBJC_IMPLICIT_RETAIN_SELF = YES;
				CLANG_WARN_OBJC_LITERAL_CONVERSION = YES;
				CLANG_WARN_OBJC_ROOT_CLASS = YES_ERROR;
				CLANG_WARN_QUOTED_INCLUDE_IN_FRAMEWORK_HEADER = YES;
				CLANG_WARN_RANGE_LOOP_ANALYSIS = YES;
				CLANG_WARN_STRICT_PROTOTYPES = YES;
				CLANG_WARN_SUSPICIOUS_MOVE = YES;
				CLANG_WARN_UNGUARDED_AVAILABILITY = YES_AGGRESSIVE;
				CLANG_WARN_UNREACHABLE_CODE = YES;
				CLANG_WARN__DUPLICATE_METHOD_MATCH = YES;
				COPY_PHASE_STRIP = NO;
				DEBUG_INFORMATION_FORMAT = dwarf;
				ENABLE_STRICT_OBJC_MSGSEND = YES;
				ENABLE_TESTABILITY = YES;
				ENABLE_USER_SCRIPT_SANDBOXING = YES;
				GCC_C_LANGUAGE_STANDARD = gnu17;
				GCC_DYNAMIC_NO_PIC = NO;
				GCC_NO_COMMON_BLOCKS = YES;
				GCC_OPTIMIZATION_LEVEL = 0;
				GCC_PREPROCESSOR_DEFINITIONS = (
					"DEBUG=1",
					"$(inherited)",
				);
				GCC_WARN_64_TO_32_BIT_CONVERSION = YES;
				GCC_WARN_ABOUT_RETURN_TYPE = YES_ERROR;
				GCC_WARN_UNDECLARED_SELECTOR = YES;
				GCC_WARN_UNINITIALIZED_AUTOS = YES_AGGRESSIVE;
				GCC_WARN_UNUSED_FUNCTION = YES;
				GCC_WARN_UNUSED_VARIABLE = YES;
				IPHONEOS_DEPLOYMENT_TARGET = 17.0;
				LOCALIZATION_PREFERS_STRING_CATALOGS = YES;
				MTL_ENABLE_DEBUG_INFO = INCLUDE_SOURCE;
				MTL_FAST_MATH = YES;
				ONLY_ACTIVE_ARCH = YES;
				SDKROOT = iphoneos;
				SWIFT_ACTIVE_COMPILATION_CONDITIONS = "DEBUG $(inherited)";
				SWIFT_OPTIMIZATION_LEVEL = "-Onone";
			};
			name = Debug;
		};
		02C17C9C2BBD89BB00F9FE49 /* Release */ = {
			isa = XCBuildConfiguration;
			buildSettings = {
				ALWAYS_SEARCH_USER_PATHS = NO;
				ASSETCATALOG_COMPILER_GENERATE_SWIFT_ASSET_SYMBOL_EXTENSIONS = YES;
				CLANG_ANALYZER_NONNULL = YES;
				CLANG_ANALYZER_NUMBER_OBJECT_CONVERSION = YES_AGGRESSIVE;
				CLANG_CXX_LANGUAGE_STANDARD = "gnu++20";
				CLANG_ENABLE_MODULES = YES;
				CLANG_ENABLE_OBJC_ARC = YES;
				CLANG_ENABLE_OBJC_WEAK = YES;
				CLANG_WARN_BLOCK_CAPTURE_AUTORELEASING = YES;
				CLANG_WARN_BOOL_CONVERSION = YES;
				CLANG_WARN_COMMA = YES;
				CLANG_WARN_CONSTANT_CONVERSION = YES;
				CLANG_WARN_DEPRECATED_OBJC_IMPLEMENTATIONS = YES;
				CLANG_WARN_DIRECT_OBJC_ISA_USAGE = YES_ERROR;
				CLANG_WARN_DOCUMENTATION_COMMENTS = YES;
				CLANG_WARN_EMPTY_BODY = YES;
				CLANG_WARN_ENUM_CONVERSION = YES;
				CLANG_WARN_INFINITE_RECURSION = YES;
				CLANG_WARN_INT_CONVERSION = YES;
				CLANG_WARN_NON_LITERAL_NULL_CONVERSION = YES;
				CLANG_WARN_OBJC_IMPLICIT_RETAIN_SELF = YES;
				CLANG_WARN_OBJC_LITERAL_CONVERSION = YES;
				CLANG_WARN_OBJC_ROOT_CLASS = YES_ERROR;
				CLANG_WARN_QUOTED_INCLUDE_IN_FRAMEWORK_HEADER = YES;
				CLANG_WARN_RANGE_LOOP_ANALYSIS = YES;
				CLANG_WARN_STRICT_PROTOTYPES = YES;
				CLANG_WARN_SUSPICIOUS_MOVE = YES;
				CLANG_WARN_UNGUARDED_AVAILABILITY = YES_AGGRESSIVE;
				CLANG_WARN_UNREACHABLE_CODE = YES;
				CLANG_WARN__DUPLICATE_METHOD_MATCH = YES;
				COPY_PHASE_STRIP = NO;
				DEBUG_INFORMATION_FORMAT = "dwarf-with-dsym";
				ENABLE_NS_ASSERTIONS = NO;
				ENABLE_STRICT_OBJC_MSGSEND = YES;
				ENABLE_USER_SCRIPT_SANDBOXING = YES;
				GCC_C_LANGUAGE_STANDARD = gnu17;
				GCC_NO_COMMON_BLOCKS = YES;
				GCC_WARN_64_TO_32_BIT_CONVERSION = YES;
				GCC_WARN_ABOUT_RETURN_TYPE = YES_ERROR;
				GCC_WARN_UNDECLARED_SELECTOR = YES;
				GCC_WARN_UNINITIALIZED_AUTOS = YES_AGGRESSIVE;
				GCC_WARN_UNUSED_FUNCTION = YES;
				GCC_WARN_UNUSED_VARIABLE = YES;
				IPHONEOS_DEPLOYMENT_TARGET = 17.0;
				LOCALIZATION_PREFERS_STRING_CATALOGS = YES;
				MTL_ENABLE_DEBUG_INFO = NO;
				MTL_FAST_MATH = YES;
				SDKROOT = iphoneos;
				SWIFT_COMPILATION_MODE = wholemodule;
				VALIDATE_PRODUCT = YES;
			};
			name = Release;
		};
		02C17C9E2BBD89BB00F9FE49 /* Debug */ = {
			isa = XCBuildConfiguration;
			buildSettings = {
				ASSETCATALOG_COMPILER_APPICON_NAME = AppIcon;
				ASSETCATALOG_COMPILER_GLOBAL_ACCENT_COLOR_NAME = AccentColor;
				CODE_SIGN_STYLE = Automatic;
				CURRENT_PROJECT_VERSION = 1;
				DEVELOPMENT_ASSET_PATHS = "\"TicTacToe/Preview Content\"";
				DEVELOPMENT_TEAM = 68223M5AWX;
				ENABLE_PREVIEWS = YES;
				GENERATE_INFOPLIST_FILE = YES;
				INFOPLIST_KEY_UIApplicationSceneManifest_Generation = YES;
				INFOPLIST_KEY_UIApplicationSupportsIndirectInputEvents = YES;
				INFOPLIST_KEY_UILaunchScreen_Generation = YES;
				INFOPLIST_KEY_UISupportedInterfaceOrientations_iPad = "UIInterfaceOrientationPortrait UIInterfaceOrientationPortraitUpsideDown UIInterfaceOrientationLandscapeLeft UIInterfaceOrientationLandscapeRight";
				INFOPLIST_KEY_UISupportedInterfaceOrientations_iPhone = "UIInterfaceOrientationPortrait UIInterfaceOrientationLandscapeLeft UIInterfaceOrientationLandscapeRight";
				LD_RUNPATH_SEARCH_PATHS = (
					"$(inherited)",
					"@executable_path/Frameworks",
				);
				MARKETING_VERSION = 1.0;
				PRODUCT_BUNDLE_IDENTIFIER = com.patrikCesnek.TicTacToe;
				PRODUCT_NAME = "$(TARGET_NAME)";
				SWIFT_EMIT_LOC_STRINGS = YES;
				SWIFT_VERSION = 5.0;
				TARGETED_DEVICE_FAMILY = "1,2";
			};
			name = Debug;
		};
		02C17C9F2BBD89BB00F9FE49 /* Release */ = {
			isa = XCBuildConfiguration;
			buildSettings = {
				ASSETCATALOG_COMPILER_APPICON_NAME = AppIcon;
				ASSETCATALOG_COMPILER_GLOBAL_ACCENT_COLOR_NAME = AccentColor;
				CODE_SIGN_STYLE = Automatic;
				CURRENT_PROJECT_VERSION = 1;
				DEVELOPMENT_ASSET_PATHS = "\"TicTacToe/Preview Content\"";
				DEVELOPMENT_TEAM = 68223M5AWX;
				ENABLE_PREVIEWS = YES;
				GENERATE_INFOPLIST_FILE = YES;
				INFOPLIST_KEY_UIApplicationSceneManifest_Generation = YES;
				INFOPLIST_KEY_UIApplicationSupportsIndirectInputEvents = YES;
				INFOPLIST_KEY_UILaunchScreen_Generation = YES;
				INFOPLIST_KEY_UISupportedInterfaceOrientations_iPad = "UIInterfaceOrientationPortrait UIInterfaceOrientationPortraitUpsideDown UIInterfaceOrientationLandscapeLeft UIInterfaceOrientationLandscapeRight";
				INFOPLIST_KEY_UISupportedInterfaceOrientations_iPhone = "UIInterfaceOrientationPortrait UIInterfaceOrientationLandscapeLeft UIInterfaceOrientationLandscapeRight";
				LD_RUNPATH_SEARCH_PATHS = (
					"$(inherited)",
					"@executable_path/Frameworks",
				);
				MARKETING_VERSION = 1.0;
				PRODUCT_BUNDLE_IDENTIFIER = com.patrikCesnek.TicTacToe;
				PRODUCT_NAME = "$(TARGET_NAME)";
				SWIFT_EMIT_LOC_STRINGS = YES;
				SWIFT_VERSION = 5.0;
				TARGETED_DEVICE_FAMILY = "1,2";
			};
			name = Release;
		};
		02C17CA12BBD89BB00F9FE49 /* Debug */ = {
			isa = XCBuildConfiguration;
			buildSettings = {
				ALWAYS_EMBED_SWIFT_STANDARD_LIBRARIES = YES;
				BUNDLE_LOADER = "$(TEST_HOST)";
				CODE_SIGN_STYLE = Automatic;
				CURRENT_PROJECT_VERSION = 1;
				DEVELOPMENT_TEAM = 68223M5AWX;
				GENERATE_INFOPLIST_FILE = YES;
				IPHONEOS_DEPLOYMENT_TARGET = 17.0;
				MARKETING_VERSION = 1.0;
				PRODUCT_BUNDLE_IDENTIFIER = com.patrikCesnek.TicTacToeTests;
				PRODUCT_NAME = "$(TARGET_NAME)";
				SWIFT_EMIT_LOC_STRINGS = NO;
				SWIFT_VERSION = 5.0;
				TARGETED_DEVICE_FAMILY = "1,2";
				TEST_HOST = "$(BUILT_PRODUCTS_DIR)/TicTacToe.app/$(BUNDLE_EXECUTABLE_FOLDER_PATH)/TicTacToe";
			};
			name = Debug;
		};
		02C17CA22BBD89BB00F9FE49 /* Release */ = {
			isa = XCBuildConfiguration;
			buildSettings = {
				ALWAYS_EMBED_SWIFT_STANDARD_LIBRARIES = YES;
				BUNDLE_LOADER = "$(TEST_HOST)";
				CODE_SIGN_STYLE = Automatic;
				CURRENT_PROJECT_VERSION = 1;
				DEVELOPMENT_TEAM = 68223M5AWX;
				GENERATE_INFOPLIST_FILE = YES;
				IPHONEOS_DEPLOYMENT_TARGET = 17.0;
				MARKETING_VERSION = 1.0;
				PRODUCT_BUNDLE_IDENTIFIER = com.patrikCesnek.TicTacToeTests;
				PRODUCT_NAME = "$(TARGET_NAME)";
				SWIFT_EMIT_LOC_STRINGS = NO;
				SWIFT_VERSION = 5.0;
				TARGETED_DEVICE_FAMILY = "1,2";
				TEST_HOST = "$(BUILT_PRODUCTS_DIR)/TicTacToe.app/$(BUNDLE_EXECUTABLE_FOLDER_PATH)/TicTacToe";
			};
			name = Release;
		};
		02C17CA42BBD89BB00F9FE49 /* Debug */ = {
			isa = XCBuildConfiguration;
			buildSettings = {
				ALWAYS_EMBED_SWIFT_STANDARD_LIBRARIES = YES;
				CODE_SIGN_STYLE = Automatic;
				CURRENT_PROJECT_VERSION = 1;
				DEVELOPMENT_TEAM = 68223M5AWX;
				GENERATE_INFOPLIST_FILE = YES;
				MARKETING_VERSION = 1.0;
				PRODUCT_BUNDLE_IDENTIFIER = com.patrikCesnek.TicTacToeUITests;
				PRODUCT_NAME = "$(TARGET_NAME)";
				SWIFT_EMIT_LOC_STRINGS = NO;
				SWIFT_VERSION = 5.0;
				TARGETED_DEVICE_FAMILY = "1,2";
				TEST_TARGET_NAME = TicTacToe;
			};
			name = Debug;
		};
		02C17CA52BBD89BB00F9FE49 /* Release */ = {
			isa = XCBuildConfiguration;
			buildSettings = {
				ALWAYS_EMBED_SWIFT_STANDARD_LIBRARIES = YES;
				CODE_SIGN_STYLE = Automatic;
				CURRENT_PROJECT_VERSION = 1;
				DEVELOPMENT_TEAM = 68223M5AWX;
				GENERATE_INFOPLIST_FILE = YES;
				MARKETING_VERSION = 1.0;
				PRODUCT_BUNDLE_IDENTIFIER = com.patrikCesnek.TicTacToeUITests;
				PRODUCT_NAME = "$(TARGET_NAME)";
				SWIFT_EMIT_LOC_STRINGS = NO;
				SWIFT_VERSION = 5.0;
				TARGETED_DEVICE_FAMILY = "1,2";
				TEST_TARGET_NAME = TicTacToe;
			};
			name = Release;
		};
/* End XCBuildConfiguration section */

/* Begin XCConfigurationList section */
		02C17C742BBD89BA00F9FE49 /* Build configuration list for PBXProject "TicTacToe" */ = {
			isa = XCConfigurationList;
			buildConfigurations = (
				02C17C9B2BBD89BB00F9FE49 /* Debug */,
				02C17C9C2BBD89BB00F9FE49 /* Release */,
			);
			defaultConfigurationIsVisible = 0;
			defaultConfigurationName = Release;
		};
		02C17C9D2BBD89BB00F9FE49 /* Build configuration list for PBXNativeTarget "TicTacToe" */ = {
			isa = XCConfigurationList;
			buildConfigurations = (
				02C17C9E2BBD89BB00F9FE49 /* Debug */,
				02C17C9F2BBD89BB00F9FE49 /* Release */,
			);
			defaultConfigurationIsVisible = 0;
			defaultConfigurationName = Release;
		};
		02C17CA02BBD89BB00F9FE49 /* Build configuration list for PBXNativeTarget "TicTacToeTests" */ = {
			isa = XCConfigurationList;
			buildConfigurations = (
				02C17CA12BBD89BB00F9FE49 /* Debug */,
				02C17CA22BBD89BB00F9FE49 /* Release */,
			);
			defaultConfigurationIsVisible = 0;
			defaultConfigurationName = Release;
		};
		02C17CA32BBD89BB00F9FE49 /* Build configuration list for PBXNativeTarget "TicTacToeUITests" */ = {
			isa = XCConfigurationList;
			buildConfigurations = (
				02C17CA42BBD89BB00F9FE49 /* Debug */,
				02C17CA52BBD89BB00F9FE49 /* Release */,
			);
			defaultConfigurationIsVisible = 0;
			defaultConfigurationName = Release;
		};
/* End XCConfigurationList section */
	};
	rootObject = 02C17C712BBD89BA00F9FE49 /* Project object */;
}
